
Microsoft Visual Studio Solution File, Format Version 12.00
# Visual Studio Version 17
VisualStudioVersion = 17.13.35919.96 d17.13
MinimumVisualStudioVersion = 10.0.40219.1
Project("{FAE04EC0-301F-11D3-BF4B-00C04F79EFBC}") = "MultipleChoicExam", "MultipleChoicExam\MultipleChoicExam.csproj", "{73E67827-1BDD-474B-994B-91967E06EBF2}"
EndProject
Project("{FAE04EC0-301F-11D3-BF4B-00C04F79EFBC}") = "Entities", "Entities\Entities.csproj", "{714A18E6-CACF-43A6-B4F1-DC104A97717A}"
EndProject
Project("{FAE04EC0-301F-11D3-BF4B-00C04F79EFBC}") = "DataAccessLayer", "DataAccessLayer\DataAccessLayer.csproj", "{36EF1DC3-836A-4C85-884C-58E9C1B8DA4E}"
EndProject
Global
	GlobalSection(SolutionConfigurationPlatforms) = preSolution
		Debug|Any CPU = Debug|Any CPU
		Release|Any CPU = Release|Any CPU
	EndGlobalSection
	GlobalSection(ProjectConfigurationPlatforms) = postSolution
		{73E67827-1BDD-474B-994B-91967E06EBF2}.Debug|Any CPU.ActiveCfg = Debug|Any CPU
		{73E67827-1BDD-474B-994B-91967E06EBF2}.Debug|Any CPU.Build.0 = Debug|Any CPU
		{73E67827-1BDD-474B-994B-91967E06EBF2}.Release|Any CPU.ActiveCfg = Release|Any CPU
		{73E67827-1BDD-474B-994B-91967E06EBF2}.Release|Any CPU.Build.0 = Release|Any CPU
		{714A18E6-CACF-43A6-B4F1-DC104A97717A}.Debug|Any CPU.ActiveCfg = Debug|Any CPU
		{714A18E6-CACF-43A6-B4F1-DC104A97717A}.Debug|Any CPU.Build.0 = Debug|Any CPU
		{714A18E6-CACF-43A6-B4F1-DC104A97717A}.Release|Any CPU.ActiveCfg = Release|Any CPU
		{714A18E6-CACF-43A6-B4F1-DC104A97717A}.Release|Any CPU.Build.0 = Release|Any CPU
		{36EF1DC3-836A-4C85-884C-58E9C1B8DA4E}.Debug|Any CPU.ActiveCfg = Debug|Any CPU
		{36EF1DC3-836A-4C85-884C-58E9C1B8DA4E}.Debug|Any CPU.Build.0 = Debug|Any CPU
		{36EF1DC3-836A-4C85-884C-58E9C1B8DA4E}.Release|Any CPU.ActiveCfg = Release|Any CPU
		{36EF1DC3-836A-4C85-884C-58E9C1B8DA4E}.Release|Any CPU.Build.0 = Release|Any CPU
	EndGlobalSection
	GlobalSection(SolutionProperties) = preSolution
		HideSolutionNode = FALSE
	EndGlobalSection
	GlobalSection(ExtensibilityGlobals) = postSolution
		SolutionGuid = {0CBE58C1-AD42-4C5F-BBD2-72F389502674}
	EndGlobalSection
EndGlobal
